
Microsoft Visual Studio Solution File, Format Version 12.00
# Visual Studio Version 17
VisualStudioVersion = 17.13.35818.85 d17.13
MinimumVisualStudioVersion = 10.0.40219.1
Project("{FAE04EC0-301F-11D3-BF4B-00C04F79EFBC}") = "Odato_UserManagement", "Odato_UserManagement.csproj", "{C6ADF6BE-9BA6-4FA5-ABBA-43CD136BF57E}"
EndProject
Global
	GlobalSection(SolutionConfigurationPlatforms) = preSolution
		Debug|Any CPU = Debug|Any CPU
		Release|Any CPU = Release|Any CPU
	EndGlobalSection
	GlobalSection(ProjectConfigurationPlatforms) = postSolution
		{C6ADF6BE-9BA6-4FA5-ABBA-43CD136BF57E}.Debug|Any CPU.ActiveCfg = Debug|Any CPU
		{C6ADF6BE-9BA6-4FA5-ABBA-43CD136BF57E}.Debug|Any CPU.Build.0 = Debug|Any CPU
		{C6ADF6BE-9BA6-4FA5-ABBA-43CD136BF57E}.Release|Any CPU.ActiveCfg = Release|Any CPU
		{C6ADF6BE-9BA6-4FA5-ABBA-43CD136BF57E}.Release|Any CPU.Build.0 = Release|Any CPU
	EndGlobalSection
	GlobalSection(SolutionProperties) = preSolution
		HideSolutionNode = FALSE
	EndGlobalSection
	GlobalSection(ExtensibilityGlobals) = postSolution
		SolutionGuid = {3E62ABA7-6AA9-43CC-9AF7-1BAA55DD1A1F}
	EndGlobalSection
EndGlobal
